
Microsoft Visual Studio Solution File, Format Version 12.00
# Visual Studio Version 17
VisualStudioVersion = 17.4.33213.308
MinimumVisualStudioVersion = 10.0.40219.1
Project("{FAE04EC0-301F-11D3-BF4B-00C04F79EFBC}") = "Comics", "Comics\Comics.csproj", "{4D3FF0E5-47F1-441E-AABD-717D4EB7985E}"
EndProject
Global
	GlobalSection(SolutionConfigurationPlatforms) = preSolution
		Debug|Any CPU = Debug|Any CPU
		Release|Any CPU = Release|Any CPU
	EndGlobalSection
	GlobalSection(ProjectConfigurationPlatforms) = postSolution
		{4D3FF0E5-47F1-441E-AABD-717D4EB7985E}.Debug|Any CPU.ActiveCfg = Debug|Any CPU
		{4D3FF0E5-47F1-441E-AABD-717D4EB7985E}.Debug|Any CPU.Build.0 = Debug|Any CPU
		{4D3FF0E5-47F1-441E-AABD-717D4EB7985E}.Release|Any CPU.ActiveCfg = Release|Any CPU
		{4D3FF0E5-47F1-441E-AABD-717D4EB7985E}.Release|Any CPU.Build.0 = Release|Any CPU
	EndGlobalSection
	GlobalSection(SolutionProperties) = preSolution
		HideSolutionNode = FALSE
	EndGlobalSection
	GlobalSection(ExtensibilityGlobals) = postSolution
		SolutionGuid = {AA42848A-B8AE-400B-BEF0-A857F71F8DFE}
	EndGlobalSection
EndGlobal
